
Microsoft Visual Studio Solution File, Format Version 12.00
# Visual Studio Version 17
VisualStudioVersion = 17.14.36518.9 d17.14
MinimumVisualStudioVersion = 10.0.40219.1
Project("{FAE04EC0-301F-11D3-BF4B-00C04F79EFBC}") = "GigaChatTest", "GigaChatTest\GigaChatTest.csproj", "{B88B42B5-AA34-47E5-9593-B6F0849BF981}"
EndProject
Project("{FAE04EC0-301F-11D3-BF4B-00C04F79EFBC}") = "YandexGptTest", "YandexGptTest\YandexGptTest.csproj", "{44E742D6-4F6B-4CF9-9594-63C7B6537654}"
EndProject
Global
	GlobalSection(SolutionConfigurationPlatforms) = preSolution
		Debug|Any CPU = Debug|Any CPU
		Release|Any CPU = Release|Any CPU
	EndGlobalSection
	GlobalSection(ProjectConfigurationPlatforms) = postSolution
		{B88B42B5-AA34-47E5-9593-B6F0849BF981}.Debug|Any CPU.ActiveCfg = Debug|Any CPU
		{B88B42B5-AA34-47E5-9593-B6F0849BF981}.Debug|Any CPU.Build.0 = Debug|Any CPU
		{B88B42B5-AA34-47E5-9593-B6F0849BF981}.Release|Any CPU.ActiveCfg = Release|Any CPU
		{B88B42B5-AA34-47E5-9593-B6F0849BF981}.Release|Any CPU.Build.0 = Release|Any CPU
		{44E742D6-4F6B-4CF9-9594-63C7B6537654}.Debug|Any CPU.ActiveCfg = Debug|Any CPU
		{44E742D6-4F6B-4CF9-9594-63C7B6537654}.Debug|Any CPU.Build.0 = Debug|Any CPU
		{44E742D6-4F6B-4CF9-9594-63C7B6537654}.Release|Any CPU.ActiveCfg = Release|Any CPU
		{44E742D6-4F6B-4CF9-9594-63C7B6537654}.Release|Any CPU.Build.0 = Release|Any CPU
	EndGlobalSection
	GlobalSection(SolutionProperties) = preSolution
		HideSolutionNode = FALSE
	EndGlobalSection
	GlobalSection(ExtensibilityGlobals) = postSolution
		SolutionGuid = {C2EAF403-53C1-4DB2-BB53-CE37E6BCB4E5}
	EndGlobalSection
EndGlobal
